// !$*UTF8*$!
{
	archiveVersion = 1;
	classes = {
	};
	objectVersion = 48;
	objects = {

/* Begin PBXBuildFile section */
		A96967A31FD43B09001AAEC1 /* AppDelegate.swift in Sources */ = {isa = PBXBuildFile; fileRef = A96967A21FD43B09001AAEC1 /* AppDelegate.swift */; };
		A96967A51FD43B09001AAEC1 /* ViewController.swift in Sources */ = {isa = PBXBuildFile; fileRef = A96967A41FD43B09001AAEC1 /* ViewController.swift */; };
		A96967A81FD43B09001AAEC1 /* Main.storyboard in Resources */ = {isa = PBXBuildFile; fileRef = A96967A61FD43B09001AAEC1 /* Main.storyboard */; };
		A96967AA1FD43B09001AAEC1 /* Assets.xcassets in Resources */ = {isa = PBXBuildFile; fileRef = A96967A91FD43B09001AAEC1 /* Assets.xcassets */; };
		A96967AD1FD43B09001AAEC1 /* LaunchScreen.storyboard in Resources */ = {isa = PBXBuildFile; fileRef = A96967AB1FD43B09001AAEC1 /* LaunchScreen.storyboard */; };
		A96967B81FD43B09001AAEC1 /* CanvasTests.swift in Sources */ = {isa = PBXBuildFile; fileRef = A96967B71FD43B09001AAEC1 /* CanvasTests.swift */; };
		A96967C31FD43B09001AAEC1 /* CanvasUITests.swift in Sources */ = {isa = PBXBuildFile; fileRef = A96967C21FD43B09001AAEC1 /* CanvasUITests.swift */; };
/* End PBXBuildFile section */

/* Begin PBXContainerItemProxy section */
		A96967B41FD43B09001AAEC1 /* PBXContainerItemProxy */ = {
			isa = PBXContainerItemProxy;
			containerPortal = A96967971FD43B09001AAEC1 /* Project object */;
			proxyType = 1;
			remoteGlobalIDString = A969679E1FD43B09001AAEC1;
			remoteInfo = Canvas;
		};
		A96967BF1FD43B09001AAEC1 /* PBXContainerItemProxy */ = {
			isa = PBXContainerItemProxy;
			containerPortal = A96967971FD43B09001AAEC1 /* Project object */;
			proxyType = 1;
			remoteGlobalIDString = A969679E1FD43B09001AAEC1;
			remoteInfo = Canvas;
		};
/* End PBXContainerItemProxy section */

/* Begin PBXFileReference section */
		A969679F1FD43B09001AAEC1 /* Canvas.app */ = {isa = PBXFileReference; explicitFileType = wrapper.application; includeInIndex = 0; path = Canvas.app; sourceTree = BUILT_PRODUCTS_DIR; };
		A96967A21FD43B09001AAEC1 /* AppDelegate.swift */ = {isa = PBXFileReference; lastKnownFileType = sourcecode.swift; path = AppDelegate.swift; sourceTree = "<group>"; };
		A96967A41FD43B09001AAEC1 /* ViewController.swift */ = {isa = PBXFileReference; lastKnownFileType = sourcecode.swift; path = ViewController.swift; sourceTree = "<group>"; };
		A96967A71FD43B09001AAEC1 /* Base */ = {isa = PBXFileReference; lastKnownFileType = file.storyboard; name = Base; path = Base.lproj/Main.storyboard; sourceTree = "<group>"; };
		A96967A91FD43B09001AAEC1 /* Assets.xcassets */ = {isa = PBXFileReference; lastKnownFileType = folder.assetcatalog; path = Assets.xcassets; sourceTree = "<group>"; };
		A96967AC1FD43B09001AAEC1 /* Base */ = {isa = PBXFileReference; lastKnownFileType = file.storyboard; name = Base; path = Base.lproj/LaunchScreen.storyboard; sourceTree = "<group>"; };
		A96967AE1FD43B09001AAEC1 /* Info.plist */ = {isa = PBXFileReference; lastKnownFileType = text.plist.xml; path = Info.plist; sourceTree = "<group>"; };
		A96967B31FD43B09001AAEC1 /* CanvasTests.xctest */ = {isa = PBXFileReference; explicitFileType = wrapper.cfbundle; includeInIndex = 0; path = CanvasTests.xctest; sourceTree = BUILT_PRODUCTS_DIR; };
		A96967B71FD43B09001AAEC1 /* CanvasTests.swift */ = {isa = PBXFileReference; lastKnownFileType = sourcecode.swift; path = CanvasTests.swift; sourceTree = "<group>"; };
		A96967B91FD43B09001AAEC1 /* Info.plist */ = {isa = PBXFileReference; lastKnownFileType = text.plist.xml; path = Info.plist; sourceTree = "<group>"; };
		A96967BE1FD43B09001AAEC1 /* CanvasUITests.xctest */ = {isa = PBXFileReference; explicitFileType = wrapper.cfbundle; includeInIndex = 0; path = CanvasUITests.xctest; sourceTree = BUILT_PRODUCTS_DIR; };
		A96967C21FD43B09001AAEC1 /* CanvasUITests.swift */ = {isa = PBXFileReference; lastKnownFileType = sourcecode.swift; path = CanvasUITests.swift; sourceTree = "<group>"; };
		A96967C41FD43B09001AAEC1 /* Info.plist */ = {isa = PBXFileReference; lastKnownFileType = text.plist.xml; path = Info.plist; sourceTree = "<group>"; };
/* End PBXFileReference section */

/* Begin PBXFrameworksBuildPhase section */
		A969679C1FD43B09001AAEC1 /* Frameworks */ = {
			isa = PBXFrameworksBuildPhase;
			buildActionMask = 2147483647;
			files = (
			);
			runOnlyForDeploymentPostprocessing = 0;
		};
		A96967B01FD43B09001AAEC1 /* Frameworks */ = {
			isa = PBXFrameworksBuildPhase;
			buildActionMask = 2147483647;
			files = (
			);
			runOnlyForDeploymentPostprocessing = 0;
		};
		A96967BB1FD43B09001AAEC1 /* Frameworks */ = {
			isa = PBXFrameworksBuildPhase;
			buildActionMask = 2147483647;
			files = (
			);
			runOnlyForDeploymentPostprocessing = 0;
		};
/* End PBXFrameworksBuildPhase section */

/* Begin PBXGroup section */
		A96967961FD43B09001AAEC1 = {
			isa = PBXGroup;
			children = (
				A96967A11FD43B09001AAEC1 /* Canvas */,
				A96967B61FD43B09001AAEC1 /* CanvasTests */,
				A96967C11FD43B09001AAEC1 /* CanvasUITests */,
				A96967A01FD43B09001AAEC1 /* Products */,
			);
			sourceTree = "<group>";
		};
		A96967A01FD43B09001AAEC1 /* Products */ = {
			isa = PBXGroup;
			children = (
				A969679F1FD43B09001AAEC1 /* Canvas.app */,
				A96967B31FD43B09001AAEC1 /* CanvasTests.xctest */,
				A96967BE1FD43B09001AAEC1 /* CanvasUITests.xctest */,
			);
			name = Products;
			sourceTree = "<group>";
		};
		A96967A11FD43B09001AAEC1 /* Canvas */ = {
			isa = PBXGroup;
			children = (
				A96967A21FD43B09001AAEC1 /* AppDelegate.swift */,
				A96967A41FD43B09001AAEC1 /* ViewController.swift */,
				A96967A61FD43B09001AAEC1 /* Main.storyboard */,
				A96967A91FD43B09001AAEC1 /* Assets.xcassets */,
				A96967AB1FD43B09001AAEC1 /* LaunchScreen.storyboard */,
				A96967AE1FD43B09001AAEC1 /* Info.plist */,
			);
			path = Canvas;
			sourceTree = "<group>";
		};
		A96967B61FD43B09001AAEC1 /* CanvasTests */ = {
			isa = PBXGroup;
			children = (
				A96967B71FD43B09001AAEC1 /* CanvasTests.swift */,
				A96967B91FD43B09001AAEC1 /* Info.plist */,
			);
			path = CanvasTests;
			sourceTree = "<group>";
		};
		A96967C11FD43B09001AAEC1 /* CanvasUITests */ = {
			isa = PBXGroup;
			children = (
				A96967C21FD43B09001AAEC1 /* CanvasUITests.swift */,
				A96967C41FD43B09001AAEC1 /* Info.plist */,
			);
			path = CanvasUITests;
			sourceTree = "<group>";
		};
/* End PBXGroup section */

/* Begin PBXNativeTarget section */
		A969679E1FD43B09001AAEC1 /* Canvas */ = {
			isa = PBXNativeTarget;
			buildConfigurationList = A96967C71FD43B09001AAEC1 /* Build configuration list for PBXNativeTarget "Canvas" */;
			buildPhases = (
				A969679B1FD43B09001AAEC1 /* Sources */,
				A969679C1FD43B09001AAEC1 /* Frameworks */,
				A969679D1FD43B09001AAEC1 /* Resources */,
			);
			buildRules = (
			);
			dependencies = (
			);
			name = Canvas;
			productName = Canvas;
			productReference = A969679F1FD43B09001AAEC1 /* Canvas.app */;
			productType = "com.apple.product-type.application";
		};
		A96967B21FD43B09001AAEC1 /* CanvasTests */ = {
			isa = PBXNativeTarget;
			buildConfigurationList = A96967CA1FD43B09001AAEC1 /* Build configuration list for PBXNativeTarget "CanvasTests" */;
			buildPhases = (
				A96967AF1FD43B09001AAEC1 /* Sources */,
				A96967B01FD43B09001AAEC1 /* Frameworks */,
				A96967B11FD43B09001AAEC1 /* Resources */,
			);
			buildRules = (
			);
			dependencies = (
				A96967B51FD43B09001AAEC1 /* PBXTargetDependency */,
			);
			name = CanvasTests;
			productName = CanvasTests;
			productReference = A96967B31FD43B09001AAEC1 /* CanvasTests.xctest */;
			productType = "com.apple.product-type.bundle.unit-test";
		};
		A96967BD1FD43B09001AAEC1 /* CanvasUITests */ = {
			isa = PBXNativeTarget;
			buildConfigurationList = A96967CD1FD43B09001AAEC1 /* Build configuration list for PBXNativeTarget "CanvasUITests" */;
			buildPhases = (
				A96967BA1FD43B09001AAEC1 /* Sources */,
				A96967BB1FD43B09001AAEC1 /* Frameworks */,
				A96967BC1FD43B09001AAEC1 /* Resources */,
			);
			buildRules = (
			);
			dependencies = (
				A96967C01FD43B09001AAEC1 /* PBXTargetDependency */,
			);
			name = CanvasUITests;
			productName = CanvasUITests;
			productReference = A96967BE1FD43B09001AAEC1 /* CanvasUITests.xctest */;
			productType = "com.apple.product-type.bundle.ui-testing";
		};
/* End PBXNativeTarget section */

/* Begin PBXProject section */
		A96967971FD43B09001AAEC1 /* Project object */ = {
			isa = PBXProject;
			attributes = {
				LastSwiftUpdateCheck = 0910;
				LastUpgradeCheck = 0910;
				ORGANIZATIONNAME = "Abhishek Masand";
				TargetAttributes = {
					A969679E1FD43B09001AAEC1 = {
						CreatedOnToolsVersion = 9.1;
						ProvisioningStyle = Automatic;
					};
					A96967B21FD43B09001AAEC1 = {
						CreatedOnToolsVersion = 9.1;
						ProvisioningStyle = Automatic;
						TestTargetID = A969679E1FD43B09001AAEC1;
					};
					A96967BD1FD43B09001AAEC1 = {
						CreatedOnToolsVersion = 9.1;
						ProvisioningStyle = Automatic;
						TestTargetID = A969679E1FD43B09001AAEC1;
					};
				};
			};
			buildConfigurationList = A969679A1FD43B09001AAEC1 /* Build configuration list for PBXProject "Canvas" */;
			compatibilityVersion = "Xcode 8.0";
			developmentRegion = en;
			hasScannedForEncodings = 0;
			knownRegions = (
				en,
				Base,
			);
			mainGroup = A96967961FD43B09001AAEC1;
			productRefGroup = A96967A01FD43B09001AAEC1 /* Products */;
			projectDirPath = "";
			projectRoot = "";
			targets = (
				A969679E1FD43B09001AAEC1 /* Canvas */,
				A96967B21FD43B09001AAEC1 /* CanvasTests */,
				A96967BD1FD43B09001AAEC1 /* CanvasUITests */,
			);
		};
/* End PBXProject section */

/* Begin PBXResourcesBuildPhase section */
		A969679D1FD43B09001AAEC1 /* Resources */ = {
			isa = PBXResourcesBuildPhase;
			buildActionMask = 2147483647;
			files = (
				A96967AD1FD43B09001AAEC1 /* LaunchScreen.storyboard in Resources */,
				A96967AA1FD43B09001AAEC1 /* Assets.xcassets in Resources */,
				A96967A81FD43B09001AAEC1 /* Main.storyboard in Resources */,
			);
			runOnlyForDeploymentPostprocessing = 0;
		};
		A96967B11FD43B09001AAEC1 /* Resources */ = {
			isa = PBXResourcesBuildPhase;
			buildActionMask = 2147483647;
			files = (
			);
			runOnlyForDeploymentPostprocessing = 0;
		};
		A96967BC1FD43B09001AAEC1 /* Resources */ = {
			isa = PBXResourcesBuildPhase;
			buildActionMask = 2147483647;
			files = (
			);
			runOnlyForDeploymentPostprocessing = 0;
		};
/* End PBXResourcesBuildPhase section */

/* Begin PBXSourcesBuildPhase section */
		A969679B1FD43B09001AAEC1 /* Sources */ = {
			isa = PBXSourcesBuildPhase;
			buildActionMask = 2147483647;
			files = (
				A96967A51FD43B09001AAEC1 /* ViewController.swift in Sources */,
				A96967A31FD43B09001AAEC1 /* AppDelegate.swift in Sources */,
			);
			runOnlyForDeploymentPostprocessing = 0;
		};
		A96967AF1FD43B09001AAEC1 /* Sources */ = {
			isa = PBXSourcesBuildPhase;
			buildActionMask = 2147483647;
			files = (
				A96967B81FD43B09001AAEC1 /* CanvasTests.swift in Sources */,
			);
			runOnlyForDeploymentPostprocessing = 0;
		};
		A96967BA1FD43B09001AAEC1 /* Sources */ = {
			isa = PBXSourcesBuildPhase;
			buildActionMask = 2147483647;
			files = (
				A96967C31FD43B09001AAEC1 /* CanvasUITests.swift in Sources */,
			);
			runOnlyForDeploymentPostprocessing = 0;
		};
/* End PBXSourcesBuildPhase section */

/* Begin PBXTargetDependency section */
		A96967B51FD43B09001AAEC1 /* PBXTargetDependency */ = {
			isa = PBXTargetDependency;
			target = A969679E1FD43B09001AAEC1 /* Canvas */;
			targetProxy = A96967B41FD43B09001AAEC1 /* PBXContainerItemProxy */;
		};
		A96967C01FD43B09001AAEC1 /* PBXTargetDependency */ = {
			isa = PBXTargetDependency;
			target = A969679E1FD43B09001AAEC1 /* Canvas */;
			targetProxy = A96967BF1FD43B09001AAEC1 /* PBXContainerItemProxy */;
		};
/* End PBXTargetDependency section */

/* Begin PBXVariantGroup section */
		A96967A61FD43B09001AAEC1 /* Main.storyboard */ = {
			isa = PBXVariantGroup;
			children = (
				A96967A71FD43B09001AAEC1 /* Base */,
			);
			name = Main.storyboard;
			sourceTree = "<group>";
		};
		A96967AB1FD43B09001AAEC1 /* LaunchScreen.storyboard */ = {
			isa = PBXVariantGroup;
			children = (
				A96967AC1FD43B09001AAEC1 /* Base */,
			);
			name = LaunchScreen.storyboard;
			sourceTree = "<group>";
		};
/* End PBXVariantGroup section */

/* Begin XCBuildConfiguration section */
		A96967C51FD43B09001AAEC1 /* Debug */ = {
			isa = XCBuildConfiguration;
			buildSettings = {
				ALWAYS_SEARCH_USER_PATHS = NO;
				CLANG_ANALYZER_NONNULL = YES;
				CLANG_ANALYZER_NUMBER_OBJECT_CONVERSION = YES_AGGRESSIVE;
				CLANG_CXX_LANGUAGE_STANDARD = "gnu++14";
				CLANG_CXX_LIBRARY = "libc++";
				CLANG_ENABLE_MODULES = YES;
				CLANG_ENABLE_OBJC_ARC = YES;
				CLANG_WARN_BLOCK_CAPTURE_AUTORELEASING = YES;
				CLANG_WARN_BOOL_CONVERSION = YES;
				CLANG_WARN_COMMA = YES;
				CLANG_WARN_CONSTANT_CONVERSION = YES;
				CLANG_WARN_DIRECT_OBJC_ISA_USAGE = YES_ERROR;
				CLANG_WARN_DOCUMENTATION_COMMENTS = YES;
				CLANG_WARN_EMPTY_BODY = YES;
				CLANG_WARN_ENUM_CONVERSION = YES;
				CLANG_WARN_INFINITE_RECURSION = YES;
				CLANG_WARN_INT_CONVERSION = YES;
				CLANG_WARN_NON_LITERAL_NULL_CONVERSION = YES;
				CLANG_WARN_OBJC_LITERAL_CONVERSION = YES;
				CLANG_WARN_OBJC_ROOT_CLASS = YES_ERROR;
				CLANG_WARN_RANGE_LOOP_ANALYSIS = YES;
				CLANG_WARN_STRICT_PROTOTYPES = YES;
				CLANG_WARN_SUSPICIOUS_MOVE = YES;
				CLANG_WARN_UNGUARDED_AVAILABILITY = YES_AGGRESSIVE;
				CLANG_WARN_UNREACHABLE_CODE = YES;
				CLANG_WARN__DUPLICATE_METHOD_MATCH = YES;
				CODE_SIGN_IDENTITY = "iPhone Developer";
				COPY_PHASE_STRIP = NO;
				DEBUG_INFORMATION_FORMAT = dwarf;
				ENABLE_STRICT_OBJC_MSGSEND = YES;
				ENABLE_TESTABILITY = YES;
				GCC_C_LANGUAGE_STANDARD = gnu11;
				GCC_DYNAMIC_NO_PIC = NO;
				GCC_NO_COMMON_BLOCKS = YES;
				GCC_OPTIMIZATION_LEVEL = 0;
				GCC_PREPROCESSOR_DEFINITIONS = (
					"DEBUG=1",
					"$(inherited)",
				);
				GCC_WARN_64_TO_32_BIT_CONVERSION = YES;
				GCC_WARN_ABOUT_RETURN_TYPE = YES_ERROR;
				GCC_WARN_UNDECLARED_SELECTOR = YES;
				GCC_WARN_UNINITIALIZED_AUTOS = YES_AGGRESSIVE;
				GCC_WARN_UNUSED_FUNCTION = YES;
				GCC_WARN_UNUSED_VARIABLE = YES;
				IPHONEOS_DEPLOYMENT_TARGET = 11.1;
				MTL_ENABLE_DEBUG_INFO = YES;
				ONLY_ACTIVE_ARCH = YES;
				SDKROOT = iphoneos;
				SWIFT_ACTIVE_COMPILATION_CONDITIONS = DEBUG;
				SWIFT_OPTIMIZATION_LEVEL = "-Onone";
			};
			name = Debug;
		};
		A96967C61FD43B09001AAEC1 /* Release */ = {
			isa = XCBuildConfiguration;
			buildSettings = {
				ALWAYS_SEARCH_USER_PATHS = NO;
				CLANG_ANALYZER_NONNULL = YES;
				CLANG_ANALYZER_NUMBER_OBJECT_CONVERSION = YES_AGGRESSIVE;
				CLANG_CXX_LANGUAGE_STANDARD = "gnu++14";
				CLANG_CXX_LIBRARY = "libc++";
				CLANG_ENABLE_MODULES = YES;
				CLANG_ENABLE_OBJC_ARC = YES;
				CLANG_WARN_BLOCK_CAPTURE_AUTORELEASING = YES;
				CLANG_WARN_BOOL_CONVERSION = YES;
				CLANG_WARN_COMMA = YES;
				CLANG_WARN_CONSTANT_CONVERSION = YES;
				CLANG_WARN_DIRECT_OBJC_ISA_USAGE = YES_ERROR;
				CLANG_WARN_DOCUMENTATION_COMMENTS = YES;
				CLANG_WARN_EMPTY_BODY = YES;
				CLANG_WARN_ENUM_CONVERSION = YES;
				CLANG_WARN_INFINITE_RECURSION = YES;
				CLANG_WARN_INT_CONVERSION = YES;
				CLANG_WARN_NON_LITERAL_NULL_CONVERSION = YES;
				CLANG_WARN_OBJC_LITERAL_CONVERSION = YES;
				CLANG_WARN_OBJC_ROOT_CLASS = YES_ERROR;
				CLANG_WARN_RANGE_LOOP_ANALYSIS = YES;
				CLANG_WARN_STRICT_PROTOTYPES = YES;
				CLANG_WARN_SUSPICIOUS_MOVE = YES;
				CLANG_WARN_UNGUARDED_AVAILABILITY = YES_AGGRESSIVE;
				CLANG_WARN_UNREACHABLE_CODE = YES;
				CLANG_WARN__DUPLICATE_METHOD_MATCH = YES;
				CODE_SIGN_IDENTITY = "iPhone Developer";
				COPY_PHASE_STRIP = NO;
				DEBUG_INFORMATION_FORMAT = "dwarf-with-dsym";
				ENABLE_NS_ASSERTIONS = NO;
				ENABLE_STRICT_OBJC_MSGSEND = YES;
				GCC_C_LANGUAGE_STANDARD = gnu11;
				GCC_NO_COMMON_BLOCKS = YES;
				GCC_WARN_64_TO_32_BIT_CONVERSION = YES;
				GCC_WARN_ABOUT_RETURN_TYPE = YES_ERROR;
				GCC_WARN_UNDECLARED_SELECTOR = YES;
				GCC_WARN_UNINITIALIZED_AUTOS = YES_AGGRESSIVE;
				GCC_WARN_UNUSED_FUNCTION = YES;
				GCC_WARN_UNUSED_VARIABLE = YES;
				IPHONEOS_DEPLOYMENT_TARGET = 11.1;
				MTL_ENABLE_DEBUG_INFO = NO;
				SDKROOT = iphoneos;
				SWIFT_OPTIMIZATION_LEVEL = "-Owholemodule";
				VALIDATE_PRODUCT = YES;
			};
			name = Release;
		};
		A96967C81FD43B09001AAEC1 /* Debug */ = {
			isa = XCBuildConfiguration;
			buildSettings = {
				ASSETCATALOG_COMPILER_APPICON_NAME = AppIcon;
				CODE_SIGN_STYLE = Automatic;
				DEVELOPMENT_TEAM = 2925B6696K;
				INFOPLIST_FILE = Canvas/Info.plist;
				LD_RUNPATH_SEARCH_PATHS = "$(inherited) @executable_path/Frameworks";
				PRODUCT_BUNDLE_IDENTIFIER = Mashek.Canvas;
				PRODUCT_NAME = "$(TARGET_NAME)";
				SWIFT_VERSION = 4.0;
				TARGETED_DEVICE_FAMILY = "1,2";
			};
			name = Debug;
		};
		A96967C91FD43B09001AAEC1 /* Release */ = {
			isa = XCBuildConfiguration;
			buildSettings = {
				ASSETCATALOG_COMPILER_APPICON_NAME = AppIcon;
				CODE_SIGN_STYLE = Automatic;
				DEVELOPMENT_TEAM = 2925B6696K;
				INFOPLIST_FILE = Canvas/Info.plist;
				LD_RUNPATH_SEARCH_PATHS = "$(inherited) @executable_path/Frameworks";
				PRODUCT_BUNDLE_IDENTIFIER = Mashek.Canvas;
				PRODUCT_NAME = "$(TARGET_NAME)";
				SWIFT_VERSION = 4.0;
				TARGETED_DEVICE_FAMILY = "1,2";
			};
			name = Release;
		};
		A96967CB1FD43B09001AAEC1 /* Debug */ = {
			isa = XCBuildConfiguration;
			buildSettings = {
				ALWAYS_EMBED_SWIFT_STANDARD_LIBRARIES = YES;
				BUNDLE_LOADER = "$(TEST_HOST)";
				CODE_SIGN_STYLE = Automatic;
				DEVELOPMENT_TEAM = 2925B6696K;
				INFOPLIST_FILE = CanvasTests/Info.plist;
				LD_RUNPATH_SEARCH_PATHS = "$(inherited) @executable_path/Frameworks @loader_path/Frameworks";
				PRODUCT_BUNDLE_IDENTIFIER = Mashek.CanvasTests;
				PRODUCT_NAME = "$(TARGET_NAME)";
				SWIFT_VERSION = 4.0;
				TARGETED_DEVICE_FAMILY = "1,2";
				TEST_HOST = "$(BUILT_PRODUCTS_DIR)/Canvas.app/Canvas";
			};
			name = Debug;
		};
		A96967CC1FD43B09001AAEC1 /* Release */ = {
			isa = XCBuildConfiguration;
			buildSettings = {
				ALWAYS_EMBED_SWIFT_STANDARD_LIBRARIES = YES;
				BUNDLE_LOADER = "$(TEST_HOST)";
				CODE_SIGN_STYLE = Automatic;
				DEVELOPMENT_TEAM = 2925B6696K;
				INFOPLIST_FILE = CanvasTests/Info.plist;
				LD_RUNPATH_SEARCH_PATHS = "$(inherited) @executable_path/Frameworks @loader_path/Frameworks";
				PRODUCT_BUNDLE_IDENTIFIER = Mashek.CanvasTests;
				PRODUCT_NAME = "$(TARGET_NAME)";
				SWIFT_VERSION = 4.0;
				TARGETED_DEVICE_FAMILY = "1,2";
				TEST_HOST = "$(BUILT_PRODUCTS_DIR)/Canvas.app/Canvas";
			};
			name = Release;
		};
		A96967CE1FD43B09001AAEC1 /* Debug */ = {
			isa = XCBuildConfiguration;
			buildSettings = {
				ALWAYS_EMBED_SWIFT_STANDARD_LIBRARIES = YES;
				CODE_SIGN_STYLE = Automatic;
				DEVELOPMENT_TEAM = 2925B6696K;
				INFOPLIST_FILE = CanvasUITests/Info.plist;
				LD_RUNPATH_SEARCH_PATHS = "$(inherited) @executable_path/Frameworks @loader_path/Frameworks";
				PRODUCT_BUNDLE_IDENTIFIER = Mashek.CanvasUITests;
				PRODUCT_NAME = "$(TARGET_NAME)";
				SWIFT_VERSION = 4.0;
				TARGETED_DEVICE_FAMILY = "1,2";
				TEST_TARGET_NAME = Canvas;
			};
			name = Debug;
		};
		A96967CF1FD43B09001AAEC1 /* Release */ = {
			isa = XCBuildConfiguration;
			buildSettings = {
				ALWAYS_EMBED_SWIFT_STANDARD_LIBRARIES = YES;
				CODE_SIGN_STYLE = Automatic;
				DEVELOPMENT_TEAM = 2925B6696K;
				INFOPLIST_FILE = CanvasUITests/Info.plist;
				LD_RUNPATH_SEARCH_PATHS = "$(inherited) @executable_path/Frameworks @loader_path/Frameworks";
				PRODUCT_BUNDLE_IDENTIFIER = Mashek.CanvasUITests;
				PRODUCT_NAME = "$(TARGET_NAME)";
				SWIFT_VERSION = 4.0;
				TARGETED_DEVICE_FAMILY = "1,2";
				TEST_TARGET_NAME = Canvas;
			};
			name = Release;
		};
/* End XCBuildConfiguration section */

/* Begin XCConfigurationList section */
		A969679A1FD43B09001AAEC1 /* Build configuration list for PBXProject "Canvas" */ = {
			isa = XCConfigurationList;
			buildConfigurations = (
				A96967C51FD43B09001AAEC1 /* Debug */,
				A96967C61FD43B09001AAEC1 /* Release */,
			);
			defaultConfigurationIsVisible = 0;
			defaultConfigurationName = Release;
		};
		A96967C71FD43B09001AAEC1 /* Build configuration list for PBXNativeTarget "Canvas" */ = {
			isa = XCConfigurationList;
			buildConfigurations = (
				A96967C81FD43B09001AAEC1 /* Debug */,
				A96967C91FD43B09001AAEC1 /* Release */,
			);
			defaultConfigurationIsVisible = 0;
			defaultConfigurationName = Release;
		};
		A96967CA1FD43B09001AAEC1 /* Build configuration list for PBXNativeTarget "CanvasTests" */ = {
			isa = XCConfigurationList;
			buildConfigurations = (
				A96967CB1FD43B09001AAEC1 /* Debug */,
				A96967CC1FD43B09001AAEC1 /* Release */,
			);
			defaultConfigurationIsVisible = 0;
			defaultConfigurationName = Release;
		};
		A96967CD1FD43B09001AAEC1 /* Build configuration list for PBXNativeTarget "CanvasUITests" */ = {
			isa = XCConfigurationList;
			buildConfigurations = (
				A96967CE1FD43B09001AAEC1 /* Debug */,
				A96967CF1FD43B09001AAEC1 /* Release */,
			);
			defaultConfigurationIsVisible = 0;
			defaultConfigurationName = Release;
		};
/* End XCConfigurationList section */
	};
	rootObject = A96967971FD43B09001AAEC1 /* Project object */;
}
